
Microsoft Visual Studio Solution File, Format Version 12.00
# Visual Studio Version 17
VisualStudioVersion = 17.3.32929.385
MinimumVisualStudioVersion = 10.0.40219.1
Project("{8BC9CEB8-8B4A-11D0-8D11-00A0C91BC942}") = "1", "1\1.vcxproj", "{F0C6EC34-8B5D-498D-9464-8163C2C7BB0A}"
EndProject
Project("{8BC9CEB8-8B4A-11D0-8D11-00A0C91BC942}") = "2", "2\2.vcxproj", "{7F6D091E-30B0-45CC-B74A-EBDED98361E7}"
EndProject
Project("{8BC9CEB8-8B4A-11D0-8D11-00A0C91BC942}") = "3", "3\3.vcxproj", "{409B9D7E-E413-46BF-8E1D-640784139F90}"
EndProject
Project("{8BC9CEB8-8B4A-11D0-8D11-00A0C91BC942}") = "4", "4\4.vcxproj", "{0E181533-DC03-4792-A909-8B4220D10B95}"
EndProject
Project("{8BC9CEB8-8B4A-11D0-8D11-00A0C91BC942}") = "5", "5\5.vcxproj", "{0BE0F64C-2865-44BE-822B-A8E08636F596}"
EndProject
Project("{8BC9CEB8-8B4A-11D0-8D11-00A0C91BC942}") = "6", "6\6.vcxproj", "{6E980510-EA26-47AC-9214-FB02D8075B9E}"
EndProject
Project("{8BC9CEB8-8B4A-11D0-8D11-00A0C91BC942}") = "7", "7\7.vcxproj", "{346F2C62-9B44-4E60-99ED-834E94A6E4EA}"
EndProject
Project("{8BC9CEB8-8B4A-11D0-8D11-00A0C91BC942}") = "8", "8\8.vcxproj", "{D2B6CD2A-852F-4110-9DA2-2CBAADC7B4C1}"
EndProject
Project("{8BC9CEB8-8B4A-11D0-8D11-00A0C91BC942}") = "9", "9\9.vcxproj", "{2EAD936E-7043-4ABC-976C-040E5377AD14}"
EndProject
Project("{8BC9CEB8-8B4A-11D0-8D11-00A0C91BC942}") = "10", "10\10.vcxproj", "{8BCB2CCA-5A00-44E6-9798-BF1C6E181CB6}"
EndProject
Project("{8BC9CEB8-8B4A-11D0-8D11-00A0C91BC942}") = "11", "11\11.vcxproj", "{C186EF5C-2812-4489-99EE-8BC4E13101DF}"
EndProject
Project("{8BC9CEB8-8B4A-11D0-8D11-00A0C91BC942}") = "12", "12\12.vcxproj", "{EC0E8AFA-0354-461D-849B-BF516B2A4898}"
EndProject
Global
	GlobalSection(SolutionConfigurationPlatforms) = preSolution
		Debug|x64 = Debug|x64
		Debug|x86 = Debug|x86
		Release|x64 = Release|x64
		Release|x86 = Release|x86
	EndGlobalSection
	GlobalSection(ProjectConfigurationPlatforms) = postSolution
		{F0C6EC34-8B5D-498D-9464-8163C2C7BB0A}.Debug|x64.ActiveCfg = Debug|x64
		{F0C6EC34-8B5D-498D-9464-8163C2C7BB0A}.Debug|x64.Build.0 = Debug|x64
		{F0C6EC34-8B5D-498D-9464-8163C2C7BB0A}.Debug|x86.ActiveCfg = Debug|Win32
		{F0C6EC34-8B5D-498D-9464-8163C2C7BB0A}.Debug|x86.Build.0 = Debug|Win32
		{F0C6EC34-8B5D-498D-9464-8163C2C7BB0A}.Release|x64.ActiveCfg = Release|x64
		{F0C6EC34-8B5D-498D-9464-8163C2C7BB0A}.Release|x64.Build.0 = Release|x64
		{F0C6EC34-8B5D-498D-9464-8163C2C7BB0A}.Release|x86.ActiveCfg = Release|Win32
		{F0C6EC34-8B5D-498D-9464-8163C2C7BB0A}.Release|x86.Build.0 = Release|Win32
		{7F6D091E-30B0-45CC-B74A-EBDED98361E7}.Debug|x64.ActiveCfg = Debug|x64
		{7F6D091E-30B0-45CC-B74A-EBDED98361E7}.Debug|x64.Build.0 = Debug|x64
		{7F6D091E-30B0-45CC-B74A-EBDED98361E7}.Debug|x86.ActiveCfg = Debug|Win32
		{7F6D091E-30B0-45CC-B74A-EBDED98361E7}.Debug|x86.Build.0 = Debug|Win32
		{7F6D091E-30B0-45CC-B74A-EBDED98361E7}.Release|x64.ActiveCfg = Release|x64
		{7F6D091E-30B0-45CC-B74A-EBDED98361E7}.Release|x64.Build.0 = Release|x64
		{7F6D091E-30B0-45CC-B74A-EBDED98361E7}.Release|x86.ActiveCfg = Release|Win32
		{7F6D091E-30B0-45CC-B74A-EBDED98361E7}.Release|x86.Build.0 = Release|Win32
		{409B9D7E-E413-46BF-8E1D-640784139F90}.Debug|x64.ActiveCfg = Debug|x64
		{409B9D7E-E413-46BF-8E1D-640784139F90}.Debug|x64.Build.0 = Debug|x64
		{409B9D7E-E413-46BF-8E1D-640784139F90}.Debug|x86.ActiveCfg = Debug|Win32
		{409B9D7E-E413-46BF-8E1D-640784139F90}.Debug|x86.Build.0 = Debug|Win32
		{409B9D7E-E413-46BF-8E1D-640784139F90}.Release|x64.ActiveCfg = Release|x64
		{409B9D7E-E413-46BF-8E1D-640784139F90}.Release|x64.Build.0 = Release|x64
		{409B9D7E-E413-46BF-8E1D-640784139F90}.Release|x86.ActiveCfg = Release|Win32
		{409B9D7E-E413-46BF-8E1D-640784139F90}.Release|x86.Build.0 = Release|Win32
		{0E181533-DC03-4792-A909-8B4220D10B95}.Debug|x64.ActiveCfg = Debug|x64
		{0E181533-DC03-4792-A909-8B4220D10B95}.Debug|x64.Build.0 = Debug|x64
		{0E181533-DC03-4792-A909-8B4220D10B95}.Debug|x86.ActiveCfg = Debug|Win32
		{0E181533-DC03-4792-A909-8B4220D10B95}.Debug|x86.Build.0 = Debug|Win32
		{0E181533-DC03-4792-A909-8B4220D10B95}.Release|x64.ActiveCfg = Release|x64
		{0E181533-DC03-4792-A909-8B4220D10B95}.Release|x64.Build.0 = Release|x64
		{0E181533-DC03-4792-A909-8B4220D10B95}.Release|x86.ActiveCfg = Release|Win32
		{0E181533-DC03-4792-A909-8B4220D10B95}.Release|x86.Build.0 = Release|Win32
		{0BE0F64C-2865-44BE-822B-A8E08636F596}.Debug|x64.ActiveCfg = Debug|x64
		{0BE0F64C-2865-44BE-822B-A8E08636F596}.Debug|x64.Build.0 = Debug|x64
		{0BE0F64C-2865-44BE-822B-A8E08636F596}.Debug|x86.ActiveCfg = Debug|Win32
		{0BE0F64C-2865-44BE-822B-A8E08636F596}.Debug|x86.Build.0 = Debug|Win32
		{0BE0F64C-2865-44BE-822B-A8E08636F596}.Release|x64.ActiveCfg = Release|x64
		{0BE0F64C-2865-44BE-822B-A8E08636F596}.Release|x64.Build.0 = Release|x64
		{0BE0F64C-2865-44BE-822B-A8E08636F596}.Release|x86.ActiveCfg = Release|Win32
		{0BE0F64C-2865-44BE-822B-A8E08636F596}.Release|x86.Build.0 = Release|Win32
		{6E980510-EA26-47AC-9214-FB02D8075B9E}.Debug|x64.ActiveCfg = Debug|x64
		{6E980510-EA26-47AC-9214-FB02D8075B9E}.Debug|x64.Build.0 = Debug|x64
		{6E980510-EA26-47AC-9214-FB02D8075B9E}.Debug|x86.ActiveCfg = Debug|Win32
		{6E980510-EA26-47AC-9214-FB02D8075B9E}.Debug|x86.Build.0 = Debug|Win32
		{6E980510-EA26-47AC-9214-FB02D8075B9E}.Release|x64.ActiveCfg = Release|x64
		{6E980510-EA26-47AC-9214-FB02D8075B9E}.Release|x64.Build.0 = Release|x64
		{6E980510-EA26-47AC-9214-FB02D8075B9E}.Release|x86.ActiveCfg = Release|Win32
		{6E980510-EA26-47AC-9214-FB02D8075B9E}.Release|x86.Build.0 = Release|Win32
		{346F2C62-9B44-4E60-99ED-834E94A6E4EA}.Debug|x64.ActiveCfg = Debug|x64
		{346F2C62-9B44-4E60-99ED-834E94A6E4EA}.Debug|x64.Build.0 = Debug|x64
		{346F2C62-9B44-4E60-99ED-834E94A6E4EA}.Debug|x86.ActiveCfg = Debug|Win32
		{346F2C62-9B44-4E60-99ED-834E94A6E4EA}.Debug|x86.Build.0 = Debug|Win32
		{346F2C62-9B44-4E60-99ED-834E94A6E4EA}.Release|x64.ActiveCfg = Release|x64
		{346F2C62-9B44-4E60-99ED-834E94A6E4EA}.Release|x64.Build.0 = Release|x64
		{346F2C62-9B44-4E60-99ED-834E94A6E4EA}.Release|x86.ActiveCfg = Release|Win32
		{346F2C62-9B44-4E60-99ED-834E94A6E4EA}.Release|x86.Build.0 = Release|Win32
		{D2B6CD2A-852F-4110-9DA2-2CBAADC7B4C1}.Debug|x64.ActiveCfg = Debug|x64
		{D2B6CD2A-852F-4110-9DA2-2CBAADC7B4C1}.Debug|x64.Build.0 = Debug|x64
		{D2B6CD2A-852F-4110-9DA2-2CBAADC7B4C1}.Debug|x86.ActiveCfg = Debug|Win32
		{D2B6CD2A-852F-4110-9DA2-2CBAADC7B4C1}.Debug|x86.Build.0 = Debug|Win32
		{D2B6CD2A-852F-4110-9DA2-2CBAADC7B4C1}.Release|x64.ActiveCfg = Release|x64
		{D2B6CD2A-852F-4110-9DA2-2CBAADC7B4C1}.Release|x64.Build.0 = Release|x64
		{D2B6CD2A-852F-4110-9DA2-2CBAADC7B4C1}.Release|x86.ActiveCfg = Release|Win32
		{D2B6CD2A-852F-4110-9DA2-2CBAADC7B4C1}.Release|x86.Build.0 = Release|Win32
		{2EAD936E-7043-4ABC-976C-040E5377AD14}.Debug|x64.ActiveCfg = Debug|x64
		{2EAD936E-7043-4ABC-976C-040E5377AD14}.Debug|x64.Build.0 = Debug|x64
		{2EAD936E-7043-4ABC-976C-040E5377AD14}.Debug|x86.ActiveCfg = Debug|Win32
		{2EAD936E-7043-4ABC-976C-040E5377AD14}.Debug|x86.Build.0 = Debug|Win32
		{2EAD936E-7043-4ABC-976C-040E5377AD14}.Release|x64.ActiveCfg = Release|x64
		{2EAD936E-7043-4ABC-976C-040E5377AD14}.Release|x64.Build.0 = Release|x64
		{2EAD936E-7043-4ABC-976C-040E5377AD14}.Release|x86.ActiveCfg = Release|Win32
		{2EAD936E-7043-4ABC-976C-040E5377AD14}.Release|x86.Build.0 = Release|Win32
		{8BCB2CCA-5A00-44E6-9798-BF1C6E181CB6}.Debug|x64.ActiveCfg = Debug|x64
		{8BCB2CCA-5A00-44E6-9798-BF1C6E181CB6}.Debug|x64.Build.0 = Debug|x64
		{8BCB2CCA-5A00-44E6-9798-BF1C6E181CB6}.Debug|x86.ActiveCfg = Debug|Win32
		{8BCB2CCA-5A00-44E6-9798-BF1C6E181CB6}.Debug|x86.Build.0 = Debug|Win32
		{8BCB2CCA-5A00-44E6-9798-BF1C6E181CB6}.Release|x64.ActiveCfg = Release|x64
		{8BCB2CCA-5A00-44E6-9798-BF1C6E181CB6}.Release|x64.Build.0 = Release|x64
		{8BCB2CCA-5A00-44E6-9798-BF1C6E181CB6}.Release|x86.ActiveCfg = Release|Win32
		{8BCB2CCA-5A00-44E6-9798-BF1C6E181CB6}.Release|x86.Build.0 = Release|Win32
		{C186EF5C-2812-4489-99EE-8BC4E13101DF}.Debug|x64.ActiveCfg = Debug|x64
		{C186EF5C-2812-4489-99EE-8BC4E13101DF}.Debug|x64.Build.0 = Debug|x64
		{C186EF5C-2812-4489-99EE-8BC4E13101DF}.Debug|x86.ActiveCfg = Debug|Win32
		{C186EF5C-2812-4489-99EE-8BC4E13101DF}.Debug|x86.Build.0 = Debug|Win32
		{C186EF5C-2812-4489-99EE-8BC4E13101DF}.Release|x64.ActiveCfg = Release|x64
		{C186EF5C-2812-4489-99EE-8BC4E13101DF}.Release|x64.Build.0 = Release|x64
		{C186EF5C-2812-4489-99EE-8BC4E13101DF}.Release|x86.ActiveCfg = Release|Win32
		{C186EF5C-2812-4489-99EE-8BC4E13101DF}.Release|x86.Build.0 = Release|Win32
		{EC0E8AFA-0354-461D-849B-BF516B2A4898}.Debug|x64.ActiveCfg = Debug|x64
		{EC0E8AFA-0354-461D-849B-BF516B2A4898}.Debug|x64.Build.0 = Debug|x64
		{EC0E8AFA-0354-461D-849B-BF516B2A4898}.Debug|x86.ActiveCfg = Debug|Win32
		{EC0E8AFA-0354-461D-849B-BF516B2A4898}.Debug|x86.Build.0 = Debug|Win32
		{EC0E8AFA-0354-461D-849B-BF516B2A4898}.Release|x64.ActiveCfg = Release|x64
		{EC0E8AFA-0354-461D-849B-BF516B2A4898}.Release|x64.Build.0 = Release|x64
		{EC0E8AFA-0354-461D-849B-BF516B2A4898}.Release|x86.ActiveCfg = Release|Win32
		{EC0E8AFA-0354-461D-849B-BF516B2A4898}.Release|x86.Build.0 = Release|Win32
	EndGlobalSection
	GlobalSection(SolutionProperties) = preSolution
		HideSolutionNode = FALSE
	EndGlobalSection
	GlobalSection(ExtensibilityGlobals) = postSolution
		SolutionGuid = {9A2E1C9B-4E13-4FC8-A3DC-DD444E3F9CB2}
	EndGlobalSection
EndGlobal
